
Microsoft Visual Studio Solution File, Format Version 12.00
# Visual Studio 2013
VisualStudioVersion = 12.0.21005.1
MinimumVisualStudioVersion = 10.0.40219.1
Project("{FAE04EC0-301F-11D3-BF4B-00C04F79EFBC}") = "TaxManagement.WebUI", "TaxManagement.WebUI\TaxManagement.WebUI.csproj", "{4AF5C3EB-B62F-4034-A4DA-D669CEAE14C8}"
EndProject
Project("{FAE04EC0-301F-11D3-BF4B-00C04F79EFBC}") = "TaxManagement.Data", "TaxManagement.Data\TaxManagement.Data.csproj", "{8D3B473A-A0F0-40F0-9C50-B666C16F1710}"
EndProject
Project("{FAE04EC0-301F-11D3-BF4B-00C04F79EFBC}") = "TaxManagement.Data.Contracts", "TaxManagement.Data.Contracts\TaxManagement.Data.Contracts.csproj", "{1B337102-D431-42E5-813F-3FEF03B90D4B}"
EndProject
Project("{FAE04EC0-301F-11D3-BF4B-00C04F79EFBC}") = "TaxManagement.Entities", "TaxManagement.Entities\TaxManagement.Entities.csproj", "{58091692-CA3F-4E13-A7B4-8BDF895ADED4}"
EndProject
Project("{FAE04EC0-301F-11D3-BF4B-00C04F79EFBC}") = "TaxManagement.Util", "TaxManagement.Util\TaxManagement.Util.csproj", "{991ADC99-E3EC-4877-817F-8475F9A49CDD}"
EndProject
Project("{FAE04EC0-301F-11D3-BF4B-00C04F79EFBC}") = "TaxManagement.Service.Contracts", "TaxManagement.Service.Contracts\TaxManagement.Service.Contracts.csproj", "{2FF3EE4B-9318-4B3C-B5E1-FC3C8E391C3F}"
EndProject
Project("{FAE04EC0-301F-11D3-BF4B-00C04F79EFBC}") = "TaxManagement.Service", "TaxManagement.Service\TaxManagement.Service.csproj", "{C3E53C0E-E9CB-4CA0-8F6D-D406DDEA51FA}"
EndProject
Project("{FAE04EC0-301F-11D3-BF4B-00C04F79EFBC}") = "TaxManagement.Core", "TaxManagement.Core\TaxManagement.Core.csproj", "{1778A35F-FCF7-44EA-BF43-A6C5E42C1002}"
EndProject
Project("{FAE04EC0-301F-11D3-BF4B-00C04F79EFBC}") = "TaxManagement.Data.Entities", "TaxManagement.Data.Entities\TaxManagement.Data.Entities.csproj", "{C722F045-979B-48C3-89C3-7F84566DA053}"
EndProject
Global
	GlobalSection(SolutionConfigurationPlatforms) = preSolution
		Debug|Any CPU = Debug|Any CPU
		Release|Any CPU = Release|Any CPU
	EndGlobalSection
	GlobalSection(ProjectConfigurationPlatforms) = postSolution
		{4AF5C3EB-B62F-4034-A4DA-D669CEAE14C8}.Debug|Any CPU.ActiveCfg = Debug|Any CPU
		{4AF5C3EB-B62F-4034-A4DA-D669CEAE14C8}.Debug|Any CPU.Build.0 = Debug|Any CPU
		{4AF5C3EB-B62F-4034-A4DA-D669CEAE14C8}.Release|Any CPU.ActiveCfg = Release|Any CPU
		{4AF5C3EB-B62F-4034-A4DA-D669CEAE14C8}.Release|Any CPU.Build.0 = Release|Any CPU
		{8D3B473A-A0F0-40F0-9C50-B666C16F1710}.Debug|Any CPU.ActiveCfg = Debug|Any CPU
		{8D3B473A-A0F0-40F0-9C50-B666C16F1710}.Debug|Any CPU.Build.0 = Debug|Any CPU
		{8D3B473A-A0F0-40F0-9C50-B666C16F1710}.Release|Any CPU.ActiveCfg = Release|Any CPU
		{8D3B473A-A0F0-40F0-9C50-B666C16F1710}.Release|Any CPU.Build.0 = Release|Any CPU
		{1B337102-D431-42E5-813F-3FEF03B90D4B}.Debug|Any CPU.ActiveCfg = Debug|Any CPU
		{1B337102-D431-42E5-813F-3FEF03B90D4B}.Debug|Any CPU.Build.0 = Debug|Any CPU
		{1B337102-D431-42E5-813F-3FEF03B90D4B}.Release|Any CPU.ActiveCfg = Release|Any CPU
		{1B337102-D431-42E5-813F-3FEF03B90D4B}.Release|Any CPU.Build.0 = Release|Any CPU
		{58091692-CA3F-4E13-A7B4-8BDF895ADED4}.Debug|Any CPU.ActiveCfg = Debug|Any CPU
		{58091692-CA3F-4E13-A7B4-8BDF895ADED4}.Debug|Any CPU.Build.0 = Debug|Any CPU
		{58091692-CA3F-4E13-A7B4-8BDF895ADED4}.Release|Any CPU.ActiveCfg = Release|Any CPU
		{58091692-CA3F-4E13-A7B4-8BDF895ADED4}.Release|Any CPU.Build.0 = Release|Any CPU
		{991ADC99-E3EC-4877-817F-8475F9A49CDD}.Debug|Any CPU.ActiveCfg = Debug|Any CPU
		{991ADC99-E3EC-4877-817F-8475F9A49CDD}.Debug|Any CPU.Build.0 = Debug|Any CPU
		{991ADC99-E3EC-4877-817F-8475F9A49CDD}.Release|Any CPU.ActiveCfg = Release|Any CPU
		{991ADC99-E3EC-4877-817F-8475F9A49CDD}.Release|Any CPU.Build.0 = Release|Any CPU
		{2FF3EE4B-9318-4B3C-B5E1-FC3C8E391C3F}.Debug|Any CPU.ActiveCfg = Debug|Any CPU
		{2FF3EE4B-9318-4B3C-B5E1-FC3C8E391C3F}.Debug|Any CPU.Build.0 = Debug|Any CPU
		{2FF3EE4B-9318-4B3C-B5E1-FC3C8E391C3F}.Release|Any CPU.ActiveCfg = Release|Any CPU
		{2FF3EE4B-9318-4B3C-B5E1-FC3C8E391C3F}.Release|Any CPU.Build.0 = Release|Any CPU
		{C3E53C0E-E9CB-4CA0-8F6D-D406DDEA51FA}.Debug|Any CPU.ActiveCfg = Debug|Any CPU
		{C3E53C0E-E9CB-4CA0-8F6D-D406DDEA51FA}.Debug|Any CPU.Build.0 = Debug|Any CPU
		{C3E53C0E-E9CB-4CA0-8F6D-D406DDEA51FA}.Release|Any CPU.ActiveCfg = Release|Any CPU
		{C3E53C0E-E9CB-4CA0-8F6D-D406DDEA51FA}.Release|Any CPU.Build.0 = Release|Any CPU
		{1778A35F-FCF7-44EA-BF43-A6C5E42C1002}.Debug|Any CPU.ActiveCfg = Debug|Any CPU
		{1778A35F-FCF7-44EA-BF43-A6C5E42C1002}.Debug|Any CPU.Build.0 = Debug|Any CPU
		{1778A35F-FCF7-44EA-BF43-A6C5E42C1002}.Release|Any CPU.ActiveCfg = Release|Any CPU
		{1778A35F-FCF7-44EA-BF43-A6C5E42C1002}.Release|Any CPU.Build.0 = Release|Any CPU
		{C722F045-979B-48C3-89C3-7F84566DA053}.Debug|Any CPU.ActiveCfg = Debug|Any CPU
		{C722F045-979B-48C3-89C3-7F84566DA053}.Debug|Any CPU.Build.0 = Debug|Any CPU
		{C722F045-979B-48C3-89C3-7F84566DA053}.Release|Any CPU.ActiveCfg = Release|Any CPU
		{C722F045-979B-48C3-89C3-7F84566DA053}.Release|Any CPU.Build.0 = Release|Any CPU
	EndGlobalSection
	GlobalSection(SolutionProperties) = preSolution
		HideSolutionNode = FALSE
	EndGlobalSection
EndGlobal
